{
  "requires": true,
  "lockfileVersion": 1,
  "dependencies": {
    "ntt-view": {
      "version": "0.0.1",
      "resolved": "https://registry.npmjs.org/ntt-view/-/ntt-view-0.0.1.tgz",
      "integrity": "sha512-h71NqYYivRUxfTMz3iU+gD381kBMVTLb1Z3FGtQYv4aDVennUzSjBa+WDoOAu5Xl4dAlWBcSvBHcNtjNHQPLxw=="
    },
    "tslib": {
      "version": "1.9.3",
      "resolved": "https://registry.npmjs.org/tslib/-/tslib-1.9.3.tgz",
      "integrity": "sha512-4krF8scpejhaOgqzBEcGM7yDIEfi0/8+8zDRZhNZZ2kjmHJ4hv3zCbQWxoJGz1iw5U0Jl0nma13xzHXcncMavQ=="
    }
  }
}
